
Microsoft Visual Studio Solution File, Format Version 12.00
# SQL Server Management Studio Version 21
VisualStudioVersion = 17.14.36603.0
MinimumVisualStudioVersion = 10.0.40219.1
Project("{4F2E2C19-372F-40D8-9FA7-9D2138C6997A}") = "SGParquesNacionales", "SGParquesNacionales.ssmssqlproj", "{80140EF6-C2E4-5648-EE5B-3F9C742DBECA}"
EndProject
Project("{2150E333-8FDC-42A3-9474-1A3956D46DE8}") = "Elementos de la solución", "Elementos de la solución", "{D107F4C8-89CC-BEA8-D3D7-CA6B7733353D}"
	ProjectSection(SolutionItems) = preProject
		Scripts\Creacion de la BBDD\create-database.sql = Scripts\Creacion de la BBDD\create-database.sql
	EndProjectSection
EndProject
Global
	GlobalSection(SolutionConfigurationPlatforms) = preSolution
		Default|Default = Default|Default
	EndGlobalSection
	GlobalSection(ProjectConfigurationPlatforms) = postSolution
		{80140EF6-C2E4-5648-EE5B-3F9C742DBECA}.Default|Default.ActiveCfg = Default
		{04164B61-4D5D-4426-9273-5B1A9D1531D9}.Default|Default.ActiveCfg = Default
	EndGlobalSection
	GlobalSection(SolutionProperties) = preSolution
		HideSolutionNode = FALSE
	EndGlobalSection
	GlobalSection(ExtensibilityGlobals) = postSolution
		SolutionGuid = {B1D91C9D-183A-4969-AC91-E410096009E9}
	EndGlobalSection
EndGlobal
